
Microsoft Visual Studio Solution File, Format Version 12.00
# Visual Studio 15
VisualStudioVersion = 15.0.28307.1267
MinimumVisualStudioVersion = 10.0.40219.1
Project("{FAE04EC0-301F-11D3-BF4B-00C04F79EFBC}") = "ConsoleApp2", "ConsoleApp2\ConsoleApp2.csproj", "{21295666-31B6-43A0-BD4C-09B576E19975}"
EndProject
Global
	GlobalSection(SolutionConfigurationPlatforms) = preSolution
		Debug|Any CPU = Debug|Any CPU
		Release|Any CPU = Release|Any CPU
	EndGlobalSection
	GlobalSection(ProjectConfigurationPlatforms) = postSolution
		{21295666-31B6-43A0-BD4C-09B576E19975}.Debug|Any CPU.ActiveCfg = Debug|Any CPU
		{21295666-31B6-43A0-BD4C-09B576E19975}.Debug|Any CPU.Build.0 = Debug|Any CPU
		{21295666-31B6-43A0-BD4C-09B576E19975}.Release|Any CPU.ActiveCfg = Release|Any CPU
		{21295666-31B6-43A0-BD4C-09B576E19975}.Release|Any CPU.Build.0 = Release|Any CPU
	EndGlobalSection
	GlobalSection(SolutionProperties) = preSolution
		HideSolutionNode = FALSE
	EndGlobalSection
	GlobalSection(ExtensibilityGlobals) = postSolution
		SolutionGuid = {8FB8AD34-5224-4577-A02C-720F1D70755B}
	EndGlobalSection
EndGlobal
